
Microsoft Visual Studio Solution File, Format Version 12.00
# Visual Studio Version 16
VisualStudioVersion = 16.0.30128.74
MinimumVisualStudioVersion = 10.0.40219.1
Project("{FAE04EC0-301F-11D3-BF4B-00C04F79EFBC}") = "MathematicalTraining", "MathematicalTraining.csproj", "{856AAAAB-C575-4057-96F4-86537A2EAF4F}"
EndProject
Global
	GlobalSection(SolutionConfigurationPlatforms) = preSolution
		Debug|Any CPU = Debug|Any CPU
		Release|Any CPU = Release|Any CPU
	EndGlobalSection
	GlobalSection(ProjectConfigurationPlatforms) = postSolution
		{856AAAAB-C575-4057-96F4-86537A2EAF4F}.Debug|Any CPU.ActiveCfg = Debug|Any CPU
		{856AAAAB-C575-4057-96F4-86537A2EAF4F}.Debug|Any CPU.Build.0 = Debug|Any CPU
		{856AAAAB-C575-4057-96F4-86537A2EAF4F}.Release|Any CPU.ActiveCfg = Release|Any CPU
		{856AAAAB-C575-4057-96F4-86537A2EAF4F}.Release|Any CPU.Build.0 = Release|Any CPU
	EndGlobalSection
	GlobalSection(SolutionProperties) = preSolution
		HideSolutionNode = FALSE
	EndGlobalSection
	GlobalSection(ExtensibilityGlobals) = postSolution
		SolutionGuid = {C37D70A0-F122-4C71-94C2-9D837FBB88FA}
	EndGlobalSection
EndGlobal
