
Microsoft Visual Studio Solution File, Format Version 12.00
# Visual Studio Version 16
VisualStudioVersion = 16.0.30128.74
MinimumVisualStudioVersion = 10.0.40219.1
Project("{FAE04EC0-301F-11D3-BF4B-00C04F79EFBC}") = "crud", "crud/crud.csproj", "{921451C8-2C38-43C3-AFE4-CEA843769E23}"
EndProject
Global
	GlobalSection(SolutionConfigurationPlatforms) = preSolution
		Debug|Any CPU = Debug|Any CPU
		Release|Any CPU = Release|Any CPU
	EndGlobalSection
	GlobalSection(ProjectConfigurationPlatforms) = postSolution
		{921451C8-2C38-43C3-AFE4-CEA843769E23}.Debug|Any CPU.ActiveCfg = Debug|Any CPU
		{921451C8-2C38-43C3-AFE4-CEA843769E23}.Debug|Any CPU.Build.0 = Debug|Any CPU
		{921451C8-2C38-43C3-AFE4-CEA843769E23}.Release|Any CPU.ActiveCfg = Release|Any CPU
		{921451C8-2C38-43C3-AFE4-CEA843769E23}.Release|Any CPU.Build.0 = Release|Any CPU
	EndGlobalSection
	GlobalSection(SolutionProperties) = preSolution
		HideSolutionNode = FALSE
	EndGlobalSection
	GlobalSection(ExtensibilityGlobals) = postSolution
		SolutionGuid = {8E4B4A3A-0DEB-427C-B9D1-F75706DFE605}
	EndGlobalSection
EndGlobal
