
Microsoft Visual Studio Solution File, Format Version 12.00
# Visual Studio Version 16
VisualStudioVersion = 16.0.30128.74
MinimumVisualStudioVersion = 10.0.40219.1
Project("{FAE04EC0-301F-11D3-BF4B-00C04F79EFBC}") = "mvvm.light", "mvvm.light/mvvm.light.csproj", "{F25EF3C2-00C3-4506-BEA1-3AD1A7097D4E}"
EndProject
Global
	GlobalSection(SolutionConfigurationPlatforms) = preSolution
		Debug|Any CPU = Debug|Any CPU
		Release|Any CPU = Release|Any CPU
	EndGlobalSection
	GlobalSection(ProjectConfigurationPlatforms) = postSolution
		{F25EF3C2-00C3-4506-BEA1-3AD1A7097D4E}.Debug|Any CPU.ActiveCfg = Debug|Any CPU
		{F25EF3C2-00C3-4506-BEA1-3AD1A7097D4E}.Debug|Any CPU.Build.0 = Debug|Any CPU
		{F25EF3C2-00C3-4506-BEA1-3AD1A7097D4E}.Release|Any CPU.ActiveCfg = Release|Any CPU
		{F25EF3C2-00C3-4506-BEA1-3AD1A7097D4E}.Release|Any CPU.Build.0 = Release|Any CPU
	EndGlobalSection
	GlobalSection(SolutionProperties) = preSolution
		HideSolutionNode = FALSE
	EndGlobalSection
	GlobalSection(ExtensibilityGlobals) = postSolution
		SolutionGuid = {3183F46A-11A5-4903-A052-240DA4679231}
	EndGlobalSection
EndGlobal
