
Microsoft Visual Studio Solution File, Format Version 12.00
# Visual Studio Version 16
VisualStudioVersion = 16.0.31129.286
MinimumVisualStudioVersion = 10.0.40219.1
Project("{FAE04EC0-301F-11D3-BF4B-00C04F79EFBC}") = "PrismModuleDemo", "PrismModuleDemo\PrismModuleDemo.csproj", "{822D2F96-2D9F-45AD-A969-0E6B9ED267F6}"
EndProject
Project("{FAE04EC0-301F-11D3-BF4B-00C04F79EFBC}") = "PrismModuleA", "PrismModuleA\PrismModuleA.csproj", "{76D8E190-E44B-4C57-9A62-1858445D784A}"
EndProject
Project("{FAE04EC0-301F-11D3-BF4B-00C04F79EFBC}") = "NavigationModule", "NavigationModule\NavigationModule.csproj", "{1E01FCC4-2472-438B-AA4C-112067BD7354}"
EndProject
Global
	GlobalSection(SolutionConfigurationPlatforms) = preSolution
		Debug|Any CPU = Debug|Any CPU
		Release|Any CPU = Release|Any CPU
	EndGlobalSection
	GlobalSection(ProjectConfigurationPlatforms) = postSolution
		{822D2F96-2D9F-45AD-A969-0E6B9ED267F6}.Debug|Any CPU.ActiveCfg = Debug|Any CPU
		{822D2F96-2D9F-45AD-A969-0E6B9ED267F6}.Debug|Any CPU.Build.0 = Debug|Any CPU
		{822D2F96-2D9F-45AD-A969-0E6B9ED267F6}.Release|Any CPU.ActiveCfg = Release|Any CPU
		{822D2F96-2D9F-45AD-A969-0E6B9ED267F6}.Release|Any CPU.Build.0 = Release|Any CPU
		{76D8E190-E44B-4C57-9A62-1858445D784A}.Debug|Any CPU.ActiveCfg = Debug|Any CPU
		{76D8E190-E44B-4C57-9A62-1858445D784A}.Debug|Any CPU.Build.0 = Debug|Any CPU
		{76D8E190-E44B-4C57-9A62-1858445D784A}.Release|Any CPU.ActiveCfg = Release|Any CPU
		{76D8E190-E44B-4C57-9A62-1858445D784A}.Release|Any CPU.Build.0 = Release|Any CPU
		{1E01FCC4-2472-438B-AA4C-112067BD7354}.Debug|Any CPU.ActiveCfg = Debug|Any CPU
		{1E01FCC4-2472-438B-AA4C-112067BD7354}.Debug|Any CPU.Build.0 = Debug|Any CPU
		{1E01FCC4-2472-438B-AA4C-112067BD7354}.Release|Any CPU.ActiveCfg = Release|Any CPU
		{1E01FCC4-2472-438B-AA4C-112067BD7354}.Release|Any CPU.Build.0 = Release|Any CPU
	EndGlobalSection
	GlobalSection(SolutionProperties) = preSolution
		HideSolutionNode = FALSE
	EndGlobalSection
	GlobalSection(ExtensibilityGlobals) = postSolution
		SolutionGuid = {571DC07F-911C-4ADC-84BE-7D34C0F83EC0}
	EndGlobalSection
EndGlobal
